{
  "requires": true,
  "lockfileVersion": 1,
  "dependencies": {
    "react-semantic-toasts": {
      "version": "0.6.5",
      "resolved": "https://registry.npmjs.org/react-semantic-toasts/-/react-semantic-toasts-0.6.5.tgz",
      "integrity": "sha512-XsSvlix69XbzXkT728sRx9TnP7c7g8rGf31KS37Hf/DQLEuAJzsUwqHmo70Q6u7tIcWbCF58UnCzg9mNlYlijA=="
    }
  }
}
