{
  "requires": true,
  "lockfileVersion": 1,
  "dependencies": {
    "@rehooks/local-storage": {
      "version": "2.3.0",
      "resolved": "https://registry.npmjs.org/@rehooks/local-storage/-/local-storage-2.3.0.tgz",
      "integrity": "sha512-Lt7uVEse+Rxc1OBTy/dxSJoNtik2CAP+9w+2G2EzY04S+HPkNaUvnIHtWMCniqzZ6ctthvRPs1Pcriuexmr56A=="
    },
    "react-semantic-toasts": {
      "version": "0.6.5",
      "resolved": "https://registry.npmjs.org/react-semantic-toasts/-/react-semantic-toasts-0.6.5.tgz",
      "integrity": "sha512-XsSvlix69XbzXkT728sRx9TnP7c7g8rGf31KS37Hf/DQLEuAJzsUwqHmo70Q6u7tIcWbCF58UnCzg9mNlYlijA=="
    }
  }
}
